# This file is generated by running "yarn install" inside your project.
# Manual changes might be lost - proceed with caution!

__metadata:
  version: 4
  cacheKey: 8

"husky@npm:^7.0.1":
  version: 7.0.1
  resolution: "husky@npm:7.0.1"
  bin:
    husky: lib/bin.js
  checksum: b2ea1460f1126ed7161779b1b89f7ec8ae66fb6723e0e9fd47c522f454f4a2ea7e31a21d6ce2eb5d32e9837d232fb0245783425c109df0adab53668f8c8d8fc8
  languageName: node
  linkType: hard

"root-workspace-0b6124@workspace:.":
  version: 0.0.0-use.local
  resolution: "root-workspace-0b6124@workspace:."
  dependencies:
    husky: ^7.0.1
  languageName: unknown
  linkType: soft
